
Microsoft Visual Studio Solution File, Format Version 12.00
# Visual Studio Version 16
VisualStudioVersion = 16.0.33423.256
MinimumVisualStudioVersion = 10.0.40219.1
Project("{FAE04EC0-301F-11D3-BF4B-00C04F79EFBC}") = "Herencia", "Herencia\Herencia.csproj", "{725FC392-582D-4AEF-8864-65AEC7AB7DC7}"
EndProject
Project("{FAE04EC0-301F-11D3-BF4B-00C04F79EFBC}") = "Herencia 2", "Herencia 2\Herencia 2.csproj", "{43172D1E-0455-4D22-8D8A-1F3EEEF42CA1}"
EndProject
Project("{FAE04EC0-301F-11D3-BF4B-00C04F79EFBC}") = "Coleccion", "Coleccion\Coleccion.csproj", "{775E9E44-C537-4337-8553-5B844AFA7EF5}"
EndProject
Project("{FAE04EC0-301F-11D3-BF4B-00C04F79EFBC}") = "Sobreescritura de metodos", "Sobreescritura de metodos\Sobreescritura de metodos.csproj", "{E9226E5D-CD40-44D4-8BC6-2A02652767E9}"
EndProject
Project("{FAE04EC0-301F-11D3-BF4B-00C04F79EFBC}") = "Interfaces", "Interfaces\Interfaces.csproj", "{FA360D26-4E31-459C-B30F-53ECA9E2C3A2}"
EndProject
Project("{FAE04EC0-301F-11D3-BF4B-00C04F79EFBC}") = "Asociacion", "Asociacion\Asociacion.csproj", "{7146EA23-D22C-426F-B562-4F537FF11312}"
EndProject
Global
	GlobalSection(SolutionConfigurationPlatforms) = preSolution
		Debug|Any CPU = Debug|Any CPU
		Release|Any CPU = Release|Any CPU
	EndGlobalSection
	GlobalSection(ProjectConfigurationPlatforms) = postSolution
		{725FC392-582D-4AEF-8864-65AEC7AB7DC7}.Debug|Any CPU.ActiveCfg = Debug|Any CPU
		{725FC392-582D-4AEF-8864-65AEC7AB7DC7}.Debug|Any CPU.Build.0 = Debug|Any CPU
		{725FC392-582D-4AEF-8864-65AEC7AB7DC7}.Release|Any CPU.ActiveCfg = Release|Any CPU
		{725FC392-582D-4AEF-8864-65AEC7AB7DC7}.Release|Any CPU.Build.0 = Release|Any CPU
		{43172D1E-0455-4D22-8D8A-1F3EEEF42CA1}.Debug|Any CPU.ActiveCfg = Debug|Any CPU
		{43172D1E-0455-4D22-8D8A-1F3EEEF42CA1}.Debug|Any CPU.Build.0 = Debug|Any CPU
		{43172D1E-0455-4D22-8D8A-1F3EEEF42CA1}.Release|Any CPU.ActiveCfg = Release|Any CPU
		{43172D1E-0455-4D22-8D8A-1F3EEEF42CA1}.Release|Any CPU.Build.0 = Release|Any CPU
		{775E9E44-C537-4337-8553-5B844AFA7EF5}.Debug|Any CPU.ActiveCfg = Debug|Any CPU
		{775E9E44-C537-4337-8553-5B844AFA7EF5}.Debug|Any CPU.Build.0 = Debug|Any CPU
		{775E9E44-C537-4337-8553-5B844AFA7EF5}.Release|Any CPU.ActiveCfg = Release|Any CPU
		{775E9E44-C537-4337-8553-5B844AFA7EF5}.Release|Any CPU.Build.0 = Release|Any CPU
		{E9226E5D-CD40-44D4-8BC6-2A02652767E9}.Debug|Any CPU.ActiveCfg = Debug|Any CPU
		{E9226E5D-CD40-44D4-8BC6-2A02652767E9}.Debug|Any CPU.Build.0 = Debug|Any CPU
		{E9226E5D-CD40-44D4-8BC6-2A02652767E9}.Release|Any CPU.ActiveCfg = Release|Any CPU
		{E9226E5D-CD40-44D4-8BC6-2A02652767E9}.Release|Any CPU.Build.0 = Release|Any CPU
		{FA360D26-4E31-459C-B30F-53ECA9E2C3A2}.Debug|Any CPU.ActiveCfg = Debug|Any CPU
		{FA360D26-4E31-459C-B30F-53ECA9E2C3A2}.Debug|Any CPU.Build.0 = Debug|Any CPU
		{FA360D26-4E31-459C-B30F-53ECA9E2C3A2}.Release|Any CPU.ActiveCfg = Release|Any CPU
		{FA360D26-4E31-459C-B30F-53ECA9E2C3A2}.Release|Any CPU.Build.0 = Release|Any CPU
		{7146EA23-D22C-426F-B562-4F537FF11312}.Debug|Any CPU.ActiveCfg = Debug|Any CPU
		{7146EA23-D22C-426F-B562-4F537FF11312}.Debug|Any CPU.Build.0 = Debug|Any CPU
		{7146EA23-D22C-426F-B562-4F537FF11312}.Release|Any CPU.ActiveCfg = Release|Any CPU
		{7146EA23-D22C-426F-B562-4F537FF11312}.Release|Any CPU.Build.0 = Release|Any CPU
	EndGlobalSection
	GlobalSection(SolutionProperties) = preSolution
		HideSolutionNode = FALSE
	EndGlobalSection
	GlobalSection(ExtensibilityGlobals) = postSolution
		SolutionGuid = {109DCF10-EAB7-4C61-AE6A-483C386A96B7}
	EndGlobalSection
EndGlobal
